
Microsoft Visual Studio Solution File, Format Version 12.00
# Visual Studio 15
VisualStudioVersion = 15.0.27130.2036
MinimumVisualStudioVersion = 10.0.40219.1
Project("{FAE04EC0-301F-11D3-BF4B-00C04F79EFBC}") = "4.1-route-bw-nodes", "4.1-route-bw-nodes\4.1-route-bw-nodes.csproj", "{44F84516-04E0-44AE-B5C1-A2D0D73934D3}"
EndProject
Global
	GlobalSection(SolutionConfigurationPlatforms) = preSolution
		Debug|Any CPU = Debug|Any CPU
		Release|Any CPU = Release|Any CPU
	EndGlobalSection
	GlobalSection(ProjectConfigurationPlatforms) = postSolution
		{44F84516-04E0-44AE-B5C1-A2D0D73934D3}.Debug|Any CPU.ActiveCfg = Debug|Any CPU
		{44F84516-04E0-44AE-B5C1-A2D0D73934D3}.Debug|Any CPU.Build.0 = Debug|Any CPU
		{44F84516-04E0-44AE-B5C1-A2D0D73934D3}.Release|Any CPU.ActiveCfg = Release|Any CPU
		{44F84516-04E0-44AE-B5C1-A2D0D73934D3}.Release|Any CPU.Build.0 = Release|Any CPU
	EndGlobalSection
	GlobalSection(SolutionProperties) = preSolution
		HideSolutionNode = FALSE
	EndGlobalSection
	GlobalSection(ExtensibilityGlobals) = postSolution
		SolutionGuid = {51542884-123E-4D24-AC1B-8F52BEF993D9}
	EndGlobalSection
EndGlobal
